<?xml version="1.0" encoding="utf-8"?>
<Project ToolsVersion="4.0" xmlns="http://schemas.microsoft.com/developer/msbuild/2003">
  <ItemGroup>
    <Filter Include="sources">
      <UniqueIdentifier>{9f08117d-b36c-4973-9891-031cf31abb04}</UniqueIdentifier>
      <Extensions>cpp;c;cxx;def;odl;idl;hpj;bat;asm</Extensions>
    </Filter>
    <Filter Include="headers">
      <UniqueIdentifier>{00a321ce-1be6-495c-b159-7bbcec4764a6}</UniqueIdentifier>
      <Extensions>h;hpp;hxx;hm;inl;inc</Extensions>
    </Filter>
  </ItemGroup>
  <ItemGroup>
    <ClCompile Include="ddwrapper.cpp">
      <Filter>sources</Filter>
    </ClCompile>
    <ClCompile Include="Includes\gamearrays.cpp">
      <Filter>sources</Filter>
    </ClCompile>
    <ClCompile Include="Includes\gameenums.cpp">
      <Filter>sources</Filter>
    </ClCompile>
    <ClCompile Include="Includes\myIDDraw7.cpp">
      <Filter>sources</Filter>
    </ClCompile>
    <ClCompile Include="Includes\myIDDrawPalette.cpp">
      <Filter>sources</Filter>
    </ClCompile>
    <ClCompile Include="Includes\Add-on (by zort)\scriptarray\scriptarray.cpp">
      <Filter>sources</Filter>
    </ClCompile>
    <ClCompile Include="Includes\Add-on (by zort)\scriptbuilder\scriptbuilder.cpp">
      <Filter>sources</Filter>
    </ClCompile>
    <ClCompile Include="Includes\Add-on (by zort)\scriptmath\scriptmath.cpp">
      <Filter>sources</Filter>
    </ClCompile>
    <ClCompile Include="Includes\Add-on (by zort)\scriptmath\scriptmathcomplex.cpp">
      <Filter>sources</Filter>
    </ClCompile>
    <ClCompile Include="Includes\Add-on (by zort)\scriptmath3d\scriptmath3d.cpp">
      <Filter>sources</Filter>
    </ClCompile>
    <ClCompile Include="Includes\Add-on (by zort)\scriptstdstring\scriptstdstring.cpp">
      <Filter>sources</Filter>
    </ClCompile>
    <ClCompile Include="Includes\Add-on (by zort)\scriptstdstring\scriptstdstring_utils.cpp">
      <Filter>sources</Filter>
    </ClCompile>
  </ItemGroup>
  <ItemGroup>
    <ClInclude Include="Includes\ddraw.h">
      <Filter>headers</Filter>
    </ClInclude>
    <ClInclude Include="Includes\ddwrapper.h">
      <Filter>headers</Filter>
    </ClInclude>
    <ClInclude Include="Includes\detours.h">
      <Filter>headers</Filter>
    </ClInclude>
    <ClInclude Include="Includes\gamearrays.h">
      <Filter>headers</Filter>
    </ClInclude>
    <ClInclude Include="Includes\gameenums.h">
      <Filter>headers</Filter>
    </ClInclude>
    <ClInclude Include="Includes\myIDDraw.h">
      <Filter>headers</Filter>
    </ClInclude>
    <ClInclude Include="Includes\resource.h">
      <Filter>headers</Filter>
    </ClInclude>
    <ClInclude Include="Includes\sgame.h">
      <Filter>headers</Filter>
    </ClInclude>
    <ClInclude Include="Includes\stdafx.h">
      <Filter>headers</Filter>
    </ClInclude>
    <ClInclude Include="Includes\Add-on (by zort)\scriptarray\scriptarray.h">
      <Filter>headers</Filter>
    </ClInclude>
    <ClInclude Include="Includes\Add-on (by zort)\scriptbuilder\scriptbuilder.h">
      <Filter>headers</Filter>
    </ClInclude>
    <ClInclude Include="Includes\Add-on (by zort)\scriptmath\scriptmath.h">
      <Filter>headers</Filter>
    </ClInclude>
    <ClInclude Include="Includes\Add-on (by zort)\scriptmath\scriptmathcomplex.h">
      <Filter>headers</Filter>
    </ClInclude>
    <ClInclude Include="Includes\Add-on (by zort)\scriptmath3d\scriptmath3d.h">
      <Filter>headers</Filter>
    </ClInclude>
    <ClInclude Include="Includes\Add-on (by zort)\scriptstdstring\scriptstdstring.h">
      <Filter>headers</Filter>
    </ClInclude>
  </ItemGroup>
  <ItemGroup>
    <None Include="ddwrapper.def">
      <Filter>sources</Filter>
    </None>
  </ItemGroup>
</Project>